
Microsoft Visual Studio Solution File, Format Version 12.00
# Visual Studio 15
VisualStudioVersion = 15.0.26730.12
MinimumVisualStudioVersion = 10.0.40219.1
Project("{FAE04EC0-301F-11D3-BF4B-00C04F79EFBC}") = "SYSPRO7.NET", "SYSPRO7.NET.csproj", "{3E04B709-9ED2-4B2E-9D6A-A7F3DD7A8D54}"
EndProject
Global
	GlobalSection(SolutionConfigurationPlatforms) = preSolution
		Debug|Any CPU = Debug|Any CPU
		Release|Any CPU = Release|Any CPU
	EndGlobalSection
	GlobalSection(ProjectConfigurationPlatforms) = postSolution
		{3E04B709-9ED2-4B2E-9D6A-A7F3DD7A8D54}.Debug|Any CPU.ActiveCfg = Debug|Any CPU
		{3E04B709-9ED2-4B2E-9D6A-A7F3DD7A8D54}.Debug|Any CPU.Build.0 = Debug|Any CPU
		{3E04B709-9ED2-4B2E-9D6A-A7F3DD7A8D54}.Release|Any CPU.ActiveCfg = Release|Any CPU
		{3E04B709-9ED2-4B2E-9D6A-A7F3DD7A8D54}.Release|Any CPU.Build.0 = Release|Any CPU
	EndGlobalSection
	GlobalSection(SolutionProperties) = preSolution
		HideSolutionNode = FALSE
	EndGlobalSection
	GlobalSection(ExtensibilityGlobals) = postSolution
		SolutionGuid = {6B747C36-CECC-4A8D-AA74-8742BC73373C}
	EndGlobalSection
EndGlobal
